// !$*UTF8*$!
{
	archiveVersion = 1;
	classes = {
	};
	objectVersion = 46;
	objects = {

/* Begin PBXBuildFile section */
		7849A9241AC9D0B300F68AD3 /* lodepng.cpp in Sources */ = {isa = PBXBuildFile; fileRef = 7849A9231AC9D0B300F68AD3 /* lodepng.cpp */; };
		7849A9261AC9D0F800F68AD3 /* TestRunner.cpp in Sources */ = {isa = PBXBuildFile; fileRef = 7849A9251AC9D0F800F68AD3 /* TestRunner.cpp */; };
/* End PBXBuildFile section */

/* Begin PBXCopyFilesBuildPhase section */
		7815CE0C1AC98E5F00BE0EA1 /* CopyFiles */ = {
			isa = PBXCopyFilesBuildPhase;
			buildActionMask = 2147483647;
			dstPath = /usr/share/man/man1/;
			dstSubfolderSpec = 0;
			files = (
			);
			runOnlyForDeploymentPostprocessing = 1;
		};
/* End PBXCopyFilesBuildPhase section */

/* Begin PBXFileReference section */
		7815CE0E1AC98E5F00BE0EA1 /* RobotVisionTracker */ = {isa = PBXFileReference; explicitFileType = "compiled.mach-o.executable"; includeInIndex = 0; path = RobotVisionTracker; sourceTree = BUILT_PRODUCTS_DIR; };
		7815CE181AC98E8800BE0EA1 /* AsteroidRejector.h */ = {isa = PBXFileReference; lastKnownFileType = sourcecode.c.h; path = AsteroidRejector.h; sourceTree = "<group>"; };
		7815CE191AC9910300BE0EA1 /* RobotVisionTracker.h */ = {isa = PBXFileReference; lastKnownFileType = sourcecode.c.h; path = RobotVisionTracker.h; sourceTree = "<group>"; };
		7815CE1A1AC991B000BE0EA1 /* stdc++.h */ = {isa = PBXFileReference; fileEncoding = 4; lastKnownFileType = sourcecode.c.h; path = "stdc++.h"; sourceTree = "<group>"; };
		7849A9221AC9D04F00F68AD3 /* lodepng.h */ = {isa = PBXFileReference; lastKnownFileType = sourcecode.c.h; name = lodepng.h; path = lodepng/lodepng.h; sourceTree = "<group>"; };
		7849A9231AC9D0B300F68AD3 /* lodepng.cpp */ = {isa = PBXFileReference; fileEncoding = 4; lastKnownFileType = sourcecode.cpp.cpp; name = lodepng.cpp; path = lodepng/lodepng.cpp; sourceTree = "<group>"; };
		7849A9251AC9D0F800F68AD3 /* TestRunner.cpp */ = {isa = PBXFileReference; fileEncoding = 4; lastKnownFileType = sourcecode.cpp.cpp; path = TestRunner.cpp; sourceTree = "<group>"; };
		7855F1FF1AD47FB20005CD92 /* LBP.c */ = {isa = PBXFileReference; lastKnownFileType = sourcecode.c.c; path = LBP.c; sourceTree = "<group>"; };
		7855F2001AD47FB20005CD92 /* LBP.h */ = {isa = PBXFileReference; lastKnownFileType = sourcecode.c.h; path = LBP.h; sourceTree = "<group>"; };
		786CFB341AD0793D00B2900F /* RobotVisionTrackerX.h */ = {isa = PBXFileReference; lastKnownFileType = sourcecode.c.h; path = RobotVisionTrackerX.h; sourceTree = "<group>"; };
		78BB17B01ACEF0100057AB26 /* onlineSVM.h */ = {isa = PBXFileReference; lastKnownFileType = sourcecode.c.h; path = onlineSVM.h; sourceTree = "<group>"; };
/* End PBXFileReference section */

/* Begin PBXFrameworksBuildPhase section */
		7815CE0B1AC98E5F00BE0EA1 /* Frameworks */ = {
			isa = PBXFrameworksBuildPhase;
			buildActionMask = 2147483647;
			files = (
			);
			runOnlyForDeploymentPostprocessing = 0;
		};
/* End PBXFrameworksBuildPhase section */

/* Begin PBXGroup section */
		7815CE051AC98E5F00BE0EA1 = {
			isa = PBXGroup;
			children = (
				7815CE101AC98E5F00BE0EA1 /* RobotVisionTracker */,
				7815CE0F1AC98E5F00BE0EA1 /* Products */,
			);
			sourceTree = "<group>";
		};
		7815CE0F1AC98E5F00BE0EA1 /* Products */ = {
			isa = PBXGroup;
			children = (
				7815CE0E1AC98E5F00BE0EA1 /* RobotVisionTracker */,
			);
			name = Products;
			sourceTree = "<group>";
		};
		7815CE101AC98E5F00BE0EA1 /* RobotVisionTracker */ = {
			isa = PBXGroup;
			children = (
				7855F1FE1AD47FB20005CD92 /* LBP */,
				7849A9211AC9D03400F68AD3 /* lodepng */,
				7815CE1A1AC991B000BE0EA1 /* stdc++.h */,
				7815CE181AC98E8800BE0EA1 /* AsteroidRejector.h */,
				7815CE191AC9910300BE0EA1 /* RobotVisionTracker.h */,
				786CFB341AD0793D00B2900F /* RobotVisionTrackerX.h */,
				7849A9251AC9D0F800F68AD3 /* TestRunner.cpp */,
				78BB17B01ACEF0100057AB26 /* onlineSVM.h */,
			);
			path = RobotVisionTracker;
			sourceTree = "<group>";
		};
		7849A9211AC9D03400F68AD3 /* lodepng */ = {
			isa = PBXGroup;
			children = (
				7849A9221AC9D04F00F68AD3 /* lodepng.h */,
				7849A9231AC9D0B300F68AD3 /* lodepng.cpp */,
			);
			name = lodepng;
			sourceTree = "<group>";
		};
		7855F1FE1AD47FB20005CD92 /* LBP */ = {
			isa = PBXGroup;
			children = (
				7855F1FF1AD47FB20005CD92 /* LBP.c */,
				7855F2001AD47FB20005CD92 /* LBP.h */,
			);
			path = LBP;
			sourceTree = "<group>";
		};
/* End PBXGroup section */

/* Begin PBXNativeTarget section */
		7815CE0D1AC98E5F00BE0EA1 /* RobotVisionTracker */ = {
			isa = PBXNativeTarget;
			buildConfigurationList = 7815CE151AC98E5F00BE0EA1 /* Build configuration list for PBXNativeTarget "RobotVisionTracker" */;
			buildPhases = (
				7815CE0A1AC98E5F00BE0EA1 /* Sources */,
				7815CE0B1AC98E5F00BE0EA1 /* Frameworks */,
				7815CE0C1AC98E5F00BE0EA1 /* CopyFiles */,
			);
			buildRules = (
			);
			dependencies = (
			);
			name = RobotVisionTracker;
			productName = RobotVisionTracker;
			productReference = 7815CE0E1AC98E5F00BE0EA1 /* RobotVisionTracker */;
			productType = "com.apple.product-type.tool";
		};
/* End PBXNativeTarget section */

/* Begin PBXProject section */
		7815CE061AC98E5F00BE0EA1 /* Project object */ = {
			isa = PBXProject;
			attributes = {
				LastUpgradeCheck = 0620;
				ORGANIZATIONNAME = Nologin;
				TargetAttributes = {
					7815CE0D1AC98E5F00BE0EA1 = {
						CreatedOnToolsVersion = 6.2;
					};
				};
			};
			buildConfigurationList = 7815CE091AC98E5F00BE0EA1 /* Build configuration list for PBXProject "RobotVisionTracker" */;
			compatibilityVersion = "Xcode 3.2";
			developmentRegion = English;
			hasScannedForEncodings = 0;
			knownRegions = (
				en,
			);
			mainGroup = 7815CE051AC98E5F00BE0EA1;
			productRefGroup = 7815CE0F1AC98E5F00BE0EA1 /* Products */;
			projectDirPath = "";
			projectRoot = "";
			targets = (
				7815CE0D1AC98E5F00BE0EA1 /* RobotVisionTracker */,
			);
		};
/* End PBXProject section */

/* Begin PBXSourcesBuildPhase section */
		7815CE0A1AC98E5F00BE0EA1 /* Sources */ = {
			isa = PBXSourcesBuildPhase;
			buildActionMask = 2147483647;
			files = (
				7849A9261AC9D0F800F68AD3 /* TestRunner.cpp in Sources */,
				7849A9241AC9D0B300F68AD3 /* lodepng.cpp in Sources */,
			);
			runOnlyForDeploymentPostprocessing = 0;
		};
/* End PBXSourcesBuildPhase section */

/* Begin XCBuildConfiguration section */
		7815CE131AC98E5F00BE0EA1 /* Debug */ = {
			isa = XCBuildConfiguration;
			buildSettings = {
				ALWAYS_SEARCH_USER_PATHS = NO;
				CLANG_CXX_LANGUAGE_STANDARD = "gnu++0x";
				CLANG_CXX_LIBRARY = "libc++";
				CLANG_ENABLE_MODULES = YES;
				CLANG_ENABLE_OBJC_ARC = YES;
				CLANG_WARN_BOOL_CONVERSION = YES;
				CLANG_WARN_CONSTANT_CONVERSION = YES;
				CLANG_WARN_DIRECT_OBJC_ISA_USAGE = YES_ERROR;
				CLANG_WARN_EMPTY_BODY = YES;
				CLANG_WARN_ENUM_CONVERSION = YES;
				CLANG_WARN_INT_CONVERSION = YES;
				CLANG_WARN_OBJC_ROOT_CLASS = YES_ERROR;
				CLANG_WARN_UNREACHABLE_CODE = YES;
				CLANG_WARN__DUPLICATE_METHOD_MATCH = YES;
				COPY_PHASE_STRIP = NO;
				ENABLE_STRICT_OBJC_MSGSEND = YES;
				GCC_C_LANGUAGE_STANDARD = gnu99;
				GCC_DYNAMIC_NO_PIC = NO;
				GCC_OPTIMIZATION_LEVEL = 0;
				GCC_PREPROCESSOR_DEFINITIONS = (
					"DEBUG=1",
					"$(inherited)",
				);
				GCC_SYMBOLS_PRIVATE_EXTERN = NO;
				GCC_WARN_64_TO_32_BIT_CONVERSION = YES;
				GCC_WARN_ABOUT_RETURN_TYPE = YES_ERROR;
				GCC_WARN_UNDECLARED_SELECTOR = YES;
				GCC_WARN_UNINITIALIZED_AUTOS = YES_AGGRESSIVE;
				GCC_WARN_UNUSED_FUNCTION = YES;
				GCC_WARN_UNUSED_VARIABLE = YES;
				MACOSX_DEPLOYMENT_TARGET = 10.10;
				MTL_ENABLE_DEBUG_INFO = YES;
				ONLY_ACTIVE_ARCH = YES;
				SDKROOT = macosx;
			};
			name = Debug;
		};
		7815CE141AC98E5F00BE0EA1 /* Release */ = {
			isa = XCBuildConfiguration;
			buildSettings = {
				ALWAYS_SEARCH_USER_PATHS = NO;
				CLANG_CXX_LANGUAGE_STANDARD = "gnu++0x";
				CLANG_CXX_LIBRARY = "libc++";
				CLANG_ENABLE_MODULES = YES;
				CLANG_ENABLE_OBJC_ARC = YES;
				CLANG_WARN_BOOL_CONVERSION = YES;
				CLANG_WARN_CONSTANT_CONVERSION = YES;
				CLANG_WARN_DIRECT_OBJC_ISA_USAGE = YES_ERROR;
				CLANG_WARN_EMPTY_BODY = YES;
				CLANG_WARN_ENUM_CONVERSION = YES;
				CLANG_WARN_INT_CONVERSION = YES;
				CLANG_WARN_OBJC_ROOT_CLASS = YES_ERROR;
				CLANG_WARN_UNREACHABLE_CODE = YES;
				CLANG_WARN__DUPLICATE_METHOD_MATCH = YES;
				COPY_PHASE_STRIP = NO;
				DEBUG_INFORMATION_FORMAT = "dwarf-with-dsym";
				ENABLE_NS_ASSERTIONS = NO;
				ENABLE_STRICT_OBJC_MSGSEND = YES;
				GCC_C_LANGUAGE_STANDARD = gnu99;
				GCC_WARN_64_TO_32_BIT_CONVERSION = YES;
				GCC_WARN_ABOUT_RETURN_TYPE = YES_ERROR;
				GCC_WARN_UNDECLARED_SELECTOR = YES;
				GCC_WARN_UNINITIALIZED_AUTOS = YES_AGGRESSIVE;
				GCC_WARN_UNUSED_FUNCTION = YES;
				GCC_WARN_UNUSED_VARIABLE = YES;
				MACOSX_DEPLOYMENT_TARGET = 10.10;
				MTL_ENABLE_DEBUG_INFO = NO;
				SDKROOT = macosx;
			};
			name = Release;
		};
		7815CE161AC98E5F00BE0EA1 /* Debug */ = {
			isa = XCBuildConfiguration;
			buildSettings = {
				PRODUCT_NAME = "$(TARGET_NAME)";
			};
			name = Debug;
		};
		7815CE171AC98E5F00BE0EA1 /* Release */ = {
			isa = XCBuildConfiguration;
			buildSettings = {
				PRODUCT_NAME = "$(TARGET_NAME)";
			};
			name = Release;
		};
/* End XCBuildConfiguration section */

/* Begin XCConfigurationList section */
		7815CE091AC98E5F00BE0EA1 /* Build configuration list for PBXProject "RobotVisionTracker" */ = {
			isa = XCConfigurationList;
			buildConfigurations = (
				7815CE131AC98E5F00BE0EA1 /* Debug */,
				7815CE141AC98E5F00BE0EA1 /* Release */,
			);
			defaultConfigurationIsVisible = 0;
			defaultConfigurationName = Release;
		};
		7815CE151AC98E5F00BE0EA1 /* Build configuration list for PBXNativeTarget "RobotVisionTracker" */ = {
			isa = XCConfigurationList;
			buildConfigurations = (
				7815CE161AC98E5F00BE0EA1 /* Debug */,
				7815CE171AC98E5F00BE0EA1 /* Release */,
			);
			defaultConfigurationIsVisible = 0;
			defaultConfigurationName = Release;
		};
/* End XCConfigurationList section */
	};
	rootObject = 7815CE061AC98E5F00BE0EA1 /* Project object */;
}
